
Microsoft Visual Studio Solution File, Format Version 12.00
# Visual Studio 14
VisualStudioVersion = 14.0.25420.1
MinimumVisualStudioVersion = 10.0.40219.1
Project("{2150E333-8FDC-42A3-9474-1A3956D46DE8}") = "src", "src", "{F191EAD0-A34C-45B7-8235-3E9936E891DD}"
EndProject
Project("{2150E333-8FDC-42A3-9474-1A3956D46DE8}") = "Solution Items", "Solution Items", "{A6E3CBA1-BC13-4A1F-8EFD-D8386FF2C9E0}"
	ProjectSection(SolutionItems) = preProject
		global.json = global.json
		LICENSE.md = LICENSE.md
		README.md = README.md
	EndProjectSection
EndProject
Project("{8BB2217D-0F2D-49D1-97BC-3654ED321F3B}") = "Manychois.GoogleApis", "src\Manychois.GoogleApis\Manychois.GoogleApis.xproj", "{40410816-EE0D-4AFE-A8AB-C30F02AB3E3E}"
EndProject
Project("{8BB2217D-0F2D-49D1-97BC-3654ED321F3B}") = "Manychois.GoogleApis.AdWords", "src\Manychois.GoogleApis.AdWords\Manychois.GoogleApis.AdWords.xproj", "{850635C6-D0BE-4527-8569-2F852E114C6C}"
EndProject
Project("{E24C65DC-7377-472B-9ABA-BC803B73C61A}") = "docs", "docs\", "{E70F345A-563B-4708-BE8F-90C25C39C6A9}"
	ProjectSection(WebsiteProperties) = preProject
		TargetFrameworkMoniker = ".NETFramework,Version%3Dv4.0"
		Debug.AspNetCompiler.VirtualPath = "/localhost_50104"
		Debug.AspNetCompiler.PhysicalPath = "docs\"
		Debug.AspNetCompiler.TargetPath = "PrecompiledWeb\localhost_50104\"
		Debug.AspNetCompiler.Updateable = "true"
		Debug.AspNetCompiler.ForceOverwrite = "true"
		Debug.AspNetCompiler.FixedNames = "false"
		Debug.AspNetCompiler.Debug = "True"
		Release.AspNetCompiler.VirtualPath = "/localhost_50104"
		Release.AspNetCompiler.PhysicalPath = "docs\"
		Release.AspNetCompiler.TargetPath = "PrecompiledWeb\localhost_50104\"
		Release.AspNetCompiler.Updateable = "true"
		Release.AspNetCompiler.ForceOverwrite = "true"
		Release.AspNetCompiler.FixedNames = "false"
		Release.AspNetCompiler.Debug = "False"
		VWDPort = "50104"
		SlnRelativePath = "docs\"
		StartServerOnDebug = "false"
	EndProjectSection
EndProject
Project("{FAE04EC0-301F-11D3-BF4B-00C04F79EFBC}") = "Manychois.GoogleApis.DevConsole", "Manychois.GoogleApis.DevConsole\Manychois.GoogleApis.DevConsole.csproj", "{F3F9EEBC-3A51-40E1-9031-A764052EC8A3}"
EndProject
Project("{8BB2217D-0F2D-49D1-97BC-3654ED321F3B}") = "Manychois.GoogleApis.Examples", "src\Manychois.GoogleApis.Examples\Manychois.GoogleApis.Examples.xproj", "{058D46D5-06B0-4085-9ACF-BE1EC90BD9C7}"
EndProject
Global
	GlobalSection(SolutionConfigurationPlatforms) = preSolution
		Debug|Any CPU = Debug|Any CPU
		Release|Any CPU = Release|Any CPU
	EndGlobalSection
	GlobalSection(ProjectConfigurationPlatforms) = postSolution
		{40410816-EE0D-4AFE-A8AB-C30F02AB3E3E}.Debug|Any CPU.ActiveCfg = Debug|Any CPU
		{40410816-EE0D-4AFE-A8AB-C30F02AB3E3E}.Debug|Any CPU.Build.0 = Debug|Any CPU
		{40410816-EE0D-4AFE-A8AB-C30F02AB3E3E}.Release|Any CPU.ActiveCfg = Release|Any CPU
		{40410816-EE0D-4AFE-A8AB-C30F02AB3E3E}.Release|Any CPU.Build.0 = Release|Any CPU
		{850635C6-D0BE-4527-8569-2F852E114C6C}.Debug|Any CPU.ActiveCfg = Debug|Any CPU
		{850635C6-D0BE-4527-8569-2F852E114C6C}.Debug|Any CPU.Build.0 = Debug|Any CPU
		{850635C6-D0BE-4527-8569-2F852E114C6C}.Release|Any CPU.ActiveCfg = Release|Any CPU
		{850635C6-D0BE-4527-8569-2F852E114C6C}.Release|Any CPU.Build.0 = Release|Any CPU
		{E70F345A-563B-4708-BE8F-90C25C39C6A9}.Debug|Any CPU.ActiveCfg = Debug|Any CPU
		{E70F345A-563B-4708-BE8F-90C25C39C6A9}.Release|Any CPU.ActiveCfg = Debug|Any CPU
		{E70F345A-563B-4708-BE8F-90C25C39C6A9}.Release|Any CPU.Build.0 = Debug|Any CPU
		{F3F9EEBC-3A51-40E1-9031-A764052EC8A3}.Debug|Any CPU.ActiveCfg = Debug|Any CPU
		{F3F9EEBC-3A51-40E1-9031-A764052EC8A3}.Debug|Any CPU.Build.0 = Debug|Any CPU
		{F3F9EEBC-3A51-40E1-9031-A764052EC8A3}.Release|Any CPU.ActiveCfg = Release|Any CPU
		{F3F9EEBC-3A51-40E1-9031-A764052EC8A3}.Release|Any CPU.Build.0 = Release|Any CPU
		{058D46D5-06B0-4085-9ACF-BE1EC90BD9C7}.Debug|Any CPU.ActiveCfg = Debug|Any CPU
		{058D46D5-06B0-4085-9ACF-BE1EC90BD9C7}.Debug|Any CPU.Build.0 = Debug|Any CPU
		{058D46D5-06B0-4085-9ACF-BE1EC90BD9C7}.Release|Any CPU.ActiveCfg = Release|Any CPU
		{058D46D5-06B0-4085-9ACF-BE1EC90BD9C7}.Release|Any CPU.Build.0 = Release|Any CPU
	EndGlobalSection
	GlobalSection(SolutionProperties) = preSolution
		HideSolutionNode = FALSE
	EndGlobalSection
	GlobalSection(NestedProjects) = preSolution
		{40410816-EE0D-4AFE-A8AB-C30F02AB3E3E} = {F191EAD0-A34C-45B7-8235-3E9936E891DD}
		{850635C6-D0BE-4527-8569-2F852E114C6C} = {F191EAD0-A34C-45B7-8235-3E9936E891DD}
		{F3F9EEBC-3A51-40E1-9031-A764052EC8A3} = {F191EAD0-A34C-45B7-8235-3E9936E891DD}
		{058D46D5-06B0-4085-9ACF-BE1EC90BD9C7} = {F191EAD0-A34C-45B7-8235-3E9936E891DD}
	EndGlobalSection
EndGlobal
